
Microsoft Visual Studio Solution File, Format Version 12.00
# Visual Studio 15
VisualStudioVersion = 15.0.26430.16
MinimumVisualStudioVersion = 10.0.40219.1
Project("{FAE04EC0-301F-11D3-BF4B-00C04F79EFBC}") = "ResXReForma", "ResXReForma\ResXReForma.csproj", "{B6C97216-3FF6-4671-BACF-9406E54FA3BB}"
EndProject
Project("{2150E333-8FDC-42A3-9474-1A3956D46DE8}") = "Solution Items", "Solution Items", "{10F9E15C-1BC4-4A39-8878-A4CBBC52D7E2}"
	ProjectSection(SolutionItems) = preProject
		NuGet\ResXReForma.nuspec = NuGet\ResXReForma.nuspec
		NuGet\build\ResXReForma.targets = NuGet\build\ResXReForma.targets
	EndProjectSection
EndProject
Project("{FAE04EC0-301F-11D3-BF4B-00C04F79EFBC}") = "ResXReForma.Core", "ResXReForma.Core\ResXReForma.Core.csproj", "{A931DCE6-8A70-4BA3-A212-7AA61D352B79}"
EndProject
Global
	GlobalSection(SolutionConfigurationPlatforms) = preSolution
		Debug|Any CPU = Debug|Any CPU
		Release|Any CPU = Release|Any CPU
	EndGlobalSection
	GlobalSection(ProjectConfigurationPlatforms) = postSolution
		{B6C97216-3FF6-4671-BACF-9406E54FA3BB}.Debug|Any CPU.ActiveCfg = Debug|Any CPU
		{B6C97216-3FF6-4671-BACF-9406E54FA3BB}.Debug|Any CPU.Build.0 = Debug|Any CPU
		{B6C97216-3FF6-4671-BACF-9406E54FA3BB}.Release|Any CPU.ActiveCfg = Release|Any CPU
		{B6C97216-3FF6-4671-BACF-9406E54FA3BB}.Release|Any CPU.Build.0 = Release|Any CPU
		{A931DCE6-8A70-4BA3-A212-7AA61D352B79}.Debug|Any CPU.ActiveCfg = Debug|Any CPU
		{A931DCE6-8A70-4BA3-A212-7AA61D352B79}.Debug|Any CPU.Build.0 = Debug|Any CPU
		{A931DCE6-8A70-4BA3-A212-7AA61D352B79}.Release|Any CPU.ActiveCfg = Release|Any CPU
		{A931DCE6-8A70-4BA3-A212-7AA61D352B79}.Release|Any CPU.Build.0 = Release|Any CPU
	EndGlobalSection
	GlobalSection(SolutionProperties) = preSolution
		HideSolutionNode = FALSE
	EndGlobalSection
EndGlobal
